
Microsoft Visual Studio Solution File, Format Version 12.00
# Visual Studio 15
VisualStudioVersion = 15.0.26730.10
MinimumVisualStudioVersion = 10.0.40219.1
Project("{8BC9CEB8-8B4A-11D0-8D11-00A0C91BC942}") = "Project1", "Project1.vcxproj", "{8927FEBC-9BF8-4E6C-8B97-01240C76C7A5}"
EndProject
Project("{8BC9CEB8-8B4A-11D0-8D11-00A0C91BC942}") = "DuiLib", "D:\duilib-master\DuiLib\DuiLib.vcxproj", "{E106ACD7-4E53-4AEE-942B-D0DD426DB34E}"
EndProject
Project("{8BC9CEB8-8B4A-11D0-8D11-00A0C91BC942}") = "MenuDemo", "D:\duilib-master\MenuDemo\MenuDemo.vcxproj", "{11A20D10-E0D7-447F-A546-8E4662C115C5}"
EndProject
Project("{8BC9CEB8-8B4A-11D0-8D11-00A0C91BC942}") = "RichListDemo", "D:\duilib-master\RichListDemo\RichListDemo.vcxproj", "{6F77AFCB-2F96-4573-8882-3578EBA8CA1D}"
EndProject
Project("{8BC9CEB8-8B4A-11D0-8D11-00A0C91BC942}") = "ScrCapture", "D:\duilib-master\ScrCapture\ScrCapture.vcxproj", "{41B017E7-7805-40D5-9D96-AABF572F57D2}"
EndProject
Project("{8BC9CEB8-8B4A-11D0-8D11-00A0C91BC942}") = "360Safe", "D:\duilib-master\360SafeDemo\360SafeDemo.vcxproj", "{463FE628-A176-4C58-B005-3924BFD1E4E6}"
	ProjectSection(ProjectDependencies) = postProject
		{E106ACD7-4E53-4AEE-942B-D0DD426DB34E} = {E106ACD7-4E53-4AEE-942B-D0DD426DB34E}
	EndProjectSection
EndProject
Project("{8BC9CEB8-8B4A-11D0-8D11-00A0C91BC942}") = "GameDemo", "D:\duilib-master\GameDemo\GameDemo.vcxproj", "{21B017E7-7805-40D5-9D96-AABF572F57D1}"
	ProjectSection(ProjectDependencies) = postProject
		{E106ACD7-4E53-4AEE-942B-D0DD426DB34E} = {E106ACD7-4E53-4AEE-942B-D0DD426DB34E}
	EndProjectSection
EndProject
Project("{2150E333-8FDC-42A3-9474-1A3956D46DE8}") = "demos", "demos", "{5ABBC10A-DC58-4A8D-AA4D-D1CB2A58FD01}"
EndProject
Project("{8BC9CEB8-8B4A-11D0-8D11-00A0C91BC942}") = "ListDemo", "D:\duilib-master\ListDemo\ListDemo.vcxproj", "{223017E7-7805-40D5-9D96-AABF572F57D1}"
	ProjectSection(ProjectDependencies) = postProject
		{E106ACD7-4E53-4AEE-942B-D0DD426DB34E} = {E106ACD7-4E53-4AEE-942B-D0DD426DB34E}
	EndProjectSection
EndProject
Project("{8BC9CEB8-8B4A-11D0-8D11-00A0C91BC942}") = "QQDemo", "D:\duilib-master\QQDemo\QQDemo.vcxproj", "{5EEA82DD-05C7-477F-8870-942E8758BFFF}"
	ProjectSection(ProjectDependencies) = postProject
		{E106ACD7-4E53-4AEE-942B-D0DD426DB34E} = {E106ACD7-4E53-4AEE-942B-D0DD426DB34E}
	EndProjectSection
EndProject
Project("{8BC9CEB8-8B4A-11D0-8D11-00A0C91BC942}") = "TestApp1", "D:\duilib-master\TestApp1\TestApp1.vcxproj", "{41B017E7-7805-40D5-9D96-AABF572F57D1}"
	ProjectSection(ProjectDependencies) = postProject
		{E106ACD7-4E53-4AEE-942B-D0DD426DB34E} = {E106ACD7-4E53-4AEE-942B-D0DD426DB34E}
	EndProjectSection
EndProject
Project("{8BC9CEB8-8B4A-11D0-8D11-00A0C91BC942}") = "FlashDemo", "D:\duilib-master\FlashDemo\FlashDemo.vcxproj", "{41B017E7-7805-40D5-9D96-AABF572F5700}"
	ProjectSection(ProjectDependencies) = postProject
		{E106ACD7-4E53-4AEE-942B-D0DD426DB34E} = {E106ACD7-4E53-4AEE-942B-D0DD426DB34E}
	EndProjectSection
EndProject
Global
	GlobalSection(SolutionConfigurationPlatforms) = preSolution
		Debug|Win32 = Debug|Win32
		Debug|x64 = Debug|x64
		Debug|x86 = Debug|x86
		Release|Win32 = Release|Win32
		Release|x64 = Release|x64
		Release|x86 = Release|x86
		UnicodeDebug|Win32 = UnicodeDebug|Win32
		UnicodeDebug|x64 = UnicodeDebug|x64
		UnicodeDebug|x86 = UnicodeDebug|x86
		UnicodeRelease|Win32 = UnicodeRelease|Win32
		UnicodeRelease|x64 = UnicodeRelease|x64
		UnicodeRelease|x86 = UnicodeRelease|x86
	EndGlobalSection
	GlobalSection(ProjectConfigurationPlatforms) = postSolution
		{8927FEBC-9BF8-4E6C-8B97-01240C76C7A5}.Debug|Win32.ActiveCfg = Debug|Win32
		{8927FEBC-9BF8-4E6C-8B97-01240C76C7A5}.Debug|Win32.Build.0 = Debug|Win32
		{8927FEBC-9BF8-4E6C-8B97-01240C76C7A5}.Debug|x64.ActiveCfg = Debug|x64
		{8927FEBC-9BF8-4E6C-8B97-01240C76C7A5}.Debug|x64.Build.0 = Debug|x64
		{8927FEBC-9BF8-4E6C-8B97-01240C76C7A5}.Debug|x86.ActiveCfg = Debug|Win32
		{8927FEBC-9BF8-4E6C-8B97-01240C76C7A5}.Debug|x86.Build.0 = Debug|Win32
		{8927FEBC-9BF8-4E6C-8B97-01240C76C7A5}.Release|Win32.ActiveCfg = Release|Win32
		{8927FEBC-9BF8-4E6C-8B97-01240C76C7A5}.Release|Win32.Build.0 = Release|Win32
		{8927FEBC-9BF8-4E6C-8B97-01240C76C7A5}.Release|x64.ActiveCfg = Release|x64
		{8927FEBC-9BF8-4E6C-8B97-01240C76C7A5}.Release|x64.Build.0 = Release|x64
		{8927FEBC-9BF8-4E6C-8B97-01240C76C7A5}.Release|x86.ActiveCfg = Release|Win32
		{8927FEBC-9BF8-4E6C-8B97-01240C76C7A5}.Release|x86.Build.0 = Release|Win32
		{8927FEBC-9BF8-4E6C-8B97-01240C76C7A5}.UnicodeDebug|Win32.ActiveCfg = Debug|Win32
		{8927FEBC-9BF8-4E6C-8B97-01240C76C7A5}.UnicodeDebug|Win32.Build.0 = Debug|Win32
		{8927FEBC-9BF8-4E6C-8B97-01240C76C7A5}.UnicodeDebug|x64.ActiveCfg = Debug|x64
		{8927FEBC-9BF8-4E6C-8B97-01240C76C7A5}.UnicodeDebug|x64.Build.0 = Debug|x64
		{8927FEBC-9BF8-4E6C-8B97-01240C76C7A5}.UnicodeDebug|x86.ActiveCfg = Debug|Win32
		{8927FEBC-9BF8-4E6C-8B97-01240C76C7A5}.UnicodeDebug|x86.Build.0 = Debug|Win32
		{8927FEBC-9BF8-4E6C-8B97-01240C76C7A5}.UnicodeRelease|Win32.ActiveCfg = Release|Win32
		{8927FEBC-9BF8-4E6C-8B97-01240C76C7A5}.UnicodeRelease|Win32.Build.0 = Release|Win32
		{8927FEBC-9BF8-4E6C-8B97-01240C76C7A5}.UnicodeRelease|x64.ActiveCfg = Release|x64
		{8927FEBC-9BF8-4E6C-8B97-01240C76C7A5}.UnicodeRelease|x64.Build.0 = Release|x64
		{8927FEBC-9BF8-4E6C-8B97-01240C76C7A5}.UnicodeRelease|x86.ActiveCfg = Release|Win32
		{8927FEBC-9BF8-4E6C-8B97-01240C76C7A5}.UnicodeRelease|x86.Build.0 = Release|Win32
		{E106ACD7-4E53-4AEE-942B-D0DD426DB34E}.Debug|Win32.ActiveCfg = Debug|Win32
		{E106ACD7-4E53-4AEE-942B-D0DD426DB34E}.Debug|Win32.Build.0 = Debug|Win32
		{E106ACD7-4E53-4AEE-942B-D0DD426DB34E}.Debug|x64.ActiveCfg = Debug|Win32
		{E106ACD7-4E53-4AEE-942B-D0DD426DB34E}.Debug|x86.ActiveCfg = Debug|Win32
		{E106ACD7-4E53-4AEE-942B-D0DD426DB34E}.Debug|x86.Build.0 = Debug|Win32
		{E106ACD7-4E53-4AEE-942B-D0DD426DB34E}.Debug|x86.Deploy.0 = Debug|Win32
		{E106ACD7-4E53-4AEE-942B-D0DD426DB34E}.Release|Win32.ActiveCfg = Release|Win32
		{E106ACD7-4E53-4AEE-942B-D0DD426DB34E}.Release|Win32.Build.0 = Release|Win32
		{E106ACD7-4E53-4AEE-942B-D0DD426DB34E}.Release|x64.ActiveCfg = Release|Win32
		{E106ACD7-4E53-4AEE-942B-D0DD426DB34E}.Release|x86.ActiveCfg = Release|Win32
		{E106ACD7-4E53-4AEE-942B-D0DD426DB34E}.Release|x86.Build.0 = Release|Win32
		{E106ACD7-4E53-4AEE-942B-D0DD426DB34E}.Release|x86.Deploy.0 = Release|Win32
		{E106ACD7-4E53-4AEE-942B-D0DD426DB34E}.UnicodeDebug|Win32.ActiveCfg = UnicodeDebug|Win32
		{E106ACD7-4E53-4AEE-942B-D0DD426DB34E}.UnicodeDebug|Win32.Build.0 = UnicodeDebug|Win32
		{E106ACD7-4E53-4AEE-942B-D0DD426DB34E}.UnicodeDebug|x64.ActiveCfg = UnicodeDebug|Win32
		{E106ACD7-4E53-4AEE-942B-D0DD426DB34E}.UnicodeDebug|x86.ActiveCfg = UnicodeDebug|Win32
		{E106ACD7-4E53-4AEE-942B-D0DD426DB34E}.UnicodeDebug|x86.Build.0 = UnicodeDebug|Win32
		{E106ACD7-4E53-4AEE-942B-D0DD426DB34E}.UnicodeDebug|x86.Deploy.0 = UnicodeDebug|Win32
		{E106ACD7-4E53-4AEE-942B-D0DD426DB34E}.UnicodeRelease|Win32.ActiveCfg = UnicodeRelease|Win32
		{E106ACD7-4E53-4AEE-942B-D0DD426DB34E}.UnicodeRelease|Win32.Build.0 = UnicodeRelease|Win32
		{E106ACD7-4E53-4AEE-942B-D0DD426DB34E}.UnicodeRelease|x64.ActiveCfg = UnicodeRelease|Win32
		{E106ACD7-4E53-4AEE-942B-D0DD426DB34E}.UnicodeRelease|x86.ActiveCfg = UnicodeRelease|Win32
		{E106ACD7-4E53-4AEE-942B-D0DD426DB34E}.UnicodeRelease|x86.Build.0 = UnicodeRelease|Win32
		{E106ACD7-4E53-4AEE-942B-D0DD426DB34E}.UnicodeRelease|x86.Deploy.0 = UnicodeRelease|Win32
		{11A20D10-E0D7-447F-A546-8E4662C115C5}.Debug|Win32.ActiveCfg = Debug|Win32
		{11A20D10-E0D7-447F-A546-8E4662C115C5}.Debug|Win32.Build.0 = Debug|Win32
		{11A20D10-E0D7-447F-A546-8E4662C115C5}.Debug|x64.ActiveCfg = Debug|Win32
		{11A20D10-E0D7-447F-A546-8E4662C115C5}.Debug|x86.ActiveCfg = Debug|Win32
		{11A20D10-E0D7-447F-A546-8E4662C115C5}.Debug|x86.Build.0 = Debug|Win32
		{11A20D10-E0D7-447F-A546-8E4662C115C5}.Debug|x86.Deploy.0 = Debug|Win32
		{11A20D10-E0D7-447F-A546-8E4662C115C5}.Release|Win32.ActiveCfg = Release|Win32
		{11A20D10-E0D7-447F-A546-8E4662C115C5}.Release|Win32.Build.0 = Release|Win32
		{11A20D10-E0D7-447F-A546-8E4662C115C5}.Release|x64.ActiveCfg = Release|Win32
		{11A20D10-E0D7-447F-A546-8E4662C115C5}.Release|x86.ActiveCfg = Release|Win32
		{11A20D10-E0D7-447F-A546-8E4662C115C5}.Release|x86.Build.0 = Release|Win32
		{11A20D10-E0D7-447F-A546-8E4662C115C5}.Release|x86.Deploy.0 = Release|Win32
		{11A20D10-E0D7-447F-A546-8E4662C115C5}.UnicodeDebug|Win32.ActiveCfg = UnicodeDebug|Win32
		{11A20D10-E0D7-447F-A546-8E4662C115C5}.UnicodeDebug|Win32.Build.0 = UnicodeDebug|Win32
		{11A20D10-E0D7-447F-A546-8E4662C115C5}.UnicodeDebug|x64.ActiveCfg = UnicodeDebug|Win32
		{11A20D10-E0D7-447F-A546-8E4662C115C5}.UnicodeDebug|x86.ActiveCfg = UnicodeDebug|Win32
		{11A20D10-E0D7-447F-A546-8E4662C115C5}.UnicodeDebug|x86.Build.0 = UnicodeDebug|Win32
		{11A20D10-E0D7-447F-A546-8E4662C115C5}.UnicodeDebug|x86.Deploy.0 = UnicodeDebug|Win32
		{11A20D10-E0D7-447F-A546-8E4662C115C5}.UnicodeRelease|Win32.ActiveCfg = UnicodeRelease|Win32
		{11A20D10-E0D7-447F-A546-8E4662C115C5}.UnicodeRelease|Win32.Build.0 = UnicodeRelease|Win32
		{11A20D10-E0D7-447F-A546-8E4662C115C5}.UnicodeRelease|x64.ActiveCfg = UnicodeRelease|Win32
		{11A20D10-E0D7-447F-A546-8E4662C115C5}.UnicodeRelease|x86.ActiveCfg = UnicodeRelease|Win32
		{11A20D10-E0D7-447F-A546-8E4662C115C5}.UnicodeRelease|x86.Build.0 = UnicodeRelease|Win32
		{11A20D10-E0D7-447F-A546-8E4662C115C5}.UnicodeRelease|x86.Deploy.0 = UnicodeRelease|Win32
		{6F77AFCB-2F96-4573-8882-3578EBA8CA1D}.Debug|Win32.ActiveCfg = Debug|Win32
		{6F77AFCB-2F96-4573-8882-3578EBA8CA1D}.Debug|Win32.Build.0 = Debug|Win32
		{6F77AFCB-2F96-4573-8882-3578EBA8CA1D}.Debug|x64.ActiveCfg = Debug|Win32
		{6F77AFCB-2F96-4573-8882-3578EBA8CA1D}.Debug|x86.ActiveCfg = Debug|Win32
		{6F77AFCB-2F96-4573-8882-3578EBA8CA1D}.Debug|x86.Build.0 = Debug|Win32
		{6F77AFCB-2F96-4573-8882-3578EBA8CA1D}.Debug|x86.Deploy.0 = Debug|Win32
		{6F77AFCB-2F96-4573-8882-3578EBA8CA1D}.Release|Win32.ActiveCfg = Release|Win32
		{6F77AFCB-2F96-4573-8882-3578EBA8CA1D}.Release|Win32.Build.0 = Release|Win32
		{6F77AFCB-2F96-4573-8882-3578EBA8CA1D}.Release|x64.ActiveCfg = Release|Win32
		{6F77AFCB-2F96-4573-8882-3578EBA8CA1D}.Release|x86.ActiveCfg = Release|Win32
		{6F77AFCB-2F96-4573-8882-3578EBA8CA1D}.Release|x86.Build.0 = Release|Win32
		{6F77AFCB-2F96-4573-8882-3578EBA8CA1D}.Release|x86.Deploy.0 = Release|Win32
		{6F77AFCB-2F96-4573-8882-3578EBA8CA1D}.UnicodeDebug|Win32.ActiveCfg = UnicodeDebug|Win32
		{6F77AFCB-2F96-4573-8882-3578EBA8CA1D}.UnicodeDebug|Win32.Build.0 = UnicodeDebug|Win32
		{6F77AFCB-2F96-4573-8882-3578EBA8CA1D}.UnicodeDebug|x64.ActiveCfg = UnicodeDebug|Win32
		{6F77AFCB-2F96-4573-8882-3578EBA8CA1D}.UnicodeDebug|x86.ActiveCfg = UnicodeDebug|Win32
		{6F77AFCB-2F96-4573-8882-3578EBA8CA1D}.UnicodeDebug|x86.Build.0 = UnicodeDebug|Win32
		{6F77AFCB-2F96-4573-8882-3578EBA8CA1D}.UnicodeDebug|x86.Deploy.0 = UnicodeDebug|Win32
		{6F77AFCB-2F96-4573-8882-3578EBA8CA1D}.UnicodeRelease|Win32.ActiveCfg = UnicodeRelease|Win32
		{6F77AFCB-2F96-4573-8882-3578EBA8CA1D}.UnicodeRelease|Win32.Build.0 = UnicodeRelease|Win32
		{6F77AFCB-2F96-4573-8882-3578EBA8CA1D}.UnicodeRelease|x64.ActiveCfg = UnicodeRelease|Win32
		{6F77AFCB-2F96-4573-8882-3578EBA8CA1D}.UnicodeRelease|x86.ActiveCfg = UnicodeRelease|Win32
		{6F77AFCB-2F96-4573-8882-3578EBA8CA1D}.UnicodeRelease|x86.Build.0 = UnicodeRelease|Win32
		{6F77AFCB-2F96-4573-8882-3578EBA8CA1D}.UnicodeRelease|x86.Deploy.0 = UnicodeRelease|Win32
		{41B017E7-7805-40D5-9D96-AABF572F57D2}.Debug|Win32.ActiveCfg = Debug|Win32
		{41B017E7-7805-40D5-9D96-AABF572F57D2}.Debug|Win32.Build.0 = Debug|Win32
		{41B017E7-7805-40D5-9D96-AABF572F57D2}.Debug|x64.ActiveCfg = Debug|Win32
		{41B017E7-7805-40D5-9D96-AABF572F57D2}.Debug|x86.ActiveCfg = Debug|Win32
		{41B017E7-7805-40D5-9D96-AABF572F57D2}.Debug|x86.Build.0 = Debug|Win32
		{41B017E7-7805-40D5-9D96-AABF572F57D2}.Debug|x86.Deploy.0 = Debug|Win32
		{41B017E7-7805-40D5-9D96-AABF572F57D2}.Release|Win32.ActiveCfg = Release|Win32
		{41B017E7-7805-40D5-9D96-AABF572F57D2}.Release|Win32.Build.0 = Release|Win32
		{41B017E7-7805-40D5-9D96-AABF572F57D2}.Release|x64.ActiveCfg = Release|Win32
		{41B017E7-7805-40D5-9D96-AABF572F57D2}.Release|x86.ActiveCfg = Release|Win32
		{41B017E7-7805-40D5-9D96-AABF572F57D2}.Release|x86.Build.0 = Release|Win32
		{41B017E7-7805-40D5-9D96-AABF572F57D2}.Release|x86.Deploy.0 = Release|Win32
		{41B017E7-7805-40D5-9D96-AABF572F57D2}.UnicodeDebug|Win32.ActiveCfg = UnicodeDebug|Win32
		{41B017E7-7805-40D5-9D96-AABF572F57D2}.UnicodeDebug|Win32.Build.0 = UnicodeDebug|Win32
		{41B017E7-7805-40D5-9D96-AABF572F57D2}.UnicodeDebug|x64.ActiveCfg = UnicodeDebug|Win32
		{41B017E7-7805-40D5-9D96-AABF572F57D2}.UnicodeDebug|x86.ActiveCfg = UnicodeDebug|Win32
		{41B017E7-7805-40D5-9D96-AABF572F57D2}.UnicodeDebug|x86.Build.0 = UnicodeDebug|Win32
		{41B017E7-7805-40D5-9D96-AABF572F57D2}.UnicodeDebug|x86.Deploy.0 = UnicodeDebug|Win32
		{41B017E7-7805-40D5-9D96-AABF572F57D2}.UnicodeRelease|Win32.ActiveCfg = UnicodeRelease|Win32
		{41B017E7-7805-40D5-9D96-AABF572F57D2}.UnicodeRelease|Win32.Build.0 = UnicodeRelease|Win32
		{41B017E7-7805-40D5-9D96-AABF572F57D2}.UnicodeRelease|x64.ActiveCfg = UnicodeRelease|Win32
		{41B017E7-7805-40D5-9D96-AABF572F57D2}.UnicodeRelease|x86.ActiveCfg = UnicodeRelease|Win32
		{41B017E7-7805-40D5-9D96-AABF572F57D2}.UnicodeRelease|x86.Build.0 = UnicodeRelease|Win32
		{41B017E7-7805-40D5-9D96-AABF572F57D2}.UnicodeRelease|x86.Deploy.0 = UnicodeRelease|Win32
		{463FE628-A176-4C58-B005-3924BFD1E4E6}.Debug|Win32.ActiveCfg = Debug|Win32
		{463FE628-A176-4C58-B005-3924BFD1E4E6}.Debug|Win32.Build.0 = Debug|Win32
		{463FE628-A176-4C58-B005-3924BFD1E4E6}.Debug|x64.ActiveCfg = Debug|Win32
		{463FE628-A176-4C58-B005-3924BFD1E4E6}.Debug|x86.ActiveCfg = Debug|Win32
		{463FE628-A176-4C58-B005-3924BFD1E4E6}.Debug|x86.Build.0 = Debug|Win32
		{463FE628-A176-4C58-B005-3924BFD1E4E6}.Debug|x86.Deploy.0 = Debug|Win32
		{463FE628-A176-4C58-B005-3924BFD1E4E6}.Release|Win32.ActiveCfg = Release|Win32
		{463FE628-A176-4C58-B005-3924BFD1E4E6}.Release|Win32.Build.0 = Release|Win32
		{463FE628-A176-4C58-B005-3924BFD1E4E6}.Release|x64.ActiveCfg = Release|Win32
		{463FE628-A176-4C58-B005-3924BFD1E4E6}.Release|x86.ActiveCfg = Release|Win32
		{463FE628-A176-4C58-B005-3924BFD1E4E6}.Release|x86.Build.0 = Release|Win32
		{463FE628-A176-4C58-B005-3924BFD1E4E6}.Release|x86.Deploy.0 = Release|Win32
		{463FE628-A176-4C58-B005-3924BFD1E4E6}.UnicodeDebug|Win32.ActiveCfg = UnicodeDebug|Win32
		{463FE628-A176-4C58-B005-3924BFD1E4E6}.UnicodeDebug|Win32.Build.0 = UnicodeDebug|Win32
		{463FE628-A176-4C58-B005-3924BFD1E4E6}.UnicodeDebug|x64.ActiveCfg = UnicodeDebug|Win32
		{463FE628-A176-4C58-B005-3924BFD1E4E6}.UnicodeDebug|x86.ActiveCfg = UnicodeDebug|Win32
		{463FE628-A176-4C58-B005-3924BFD1E4E6}.UnicodeDebug|x86.Build.0 = UnicodeDebug|Win32
		{463FE628-A176-4C58-B005-3924BFD1E4E6}.UnicodeDebug|x86.Deploy.0 = UnicodeDebug|Win32
		{463FE628-A176-4C58-B005-3924BFD1E4E6}.UnicodeRelease|Win32.ActiveCfg = UnicodeRelease|Win32
		{463FE628-A176-4C58-B005-3924BFD1E4E6}.UnicodeRelease|Win32.Build.0 = UnicodeRelease|Win32
		{463FE628-A176-4C58-B005-3924BFD1E4E6}.UnicodeRelease|x64.ActiveCfg = UnicodeRelease|Win32
		{463FE628-A176-4C58-B005-3924BFD1E4E6}.UnicodeRelease|x86.ActiveCfg = UnicodeRelease|Win32
		{463FE628-A176-4C58-B005-3924BFD1E4E6}.UnicodeRelease|x86.Build.0 = UnicodeRelease|Win32
		{463FE628-A176-4C58-B005-3924BFD1E4E6}.UnicodeRelease|x86.Deploy.0 = UnicodeRelease|Win32
		{21B017E7-7805-40D5-9D96-AABF572F57D1}.Debug|Win32.ActiveCfg = Debug|Win32
		{21B017E7-7805-40D5-9D96-AABF572F57D1}.Debug|Win32.Build.0 = Debug|Win32
		{21B017E7-7805-40D5-9D96-AABF572F57D1}.Debug|x64.ActiveCfg = Debug|Win32
		{21B017E7-7805-40D5-9D96-AABF572F57D1}.Debug|x86.ActiveCfg = Debug|Win32
		{21B017E7-7805-40D5-9D96-AABF572F57D1}.Debug|x86.Build.0 = Debug|Win32
		{21B017E7-7805-40D5-9D96-AABF572F57D1}.Debug|x86.Deploy.0 = Debug|Win32
		{21B017E7-7805-40D5-9D96-AABF572F57D1}.Release|Win32.ActiveCfg = Release|Win32
		{21B017E7-7805-40D5-9D96-AABF572F57D1}.Release|Win32.Build.0 = Release|Win32
		{21B017E7-7805-40D5-9D96-AABF572F57D1}.Release|x64.ActiveCfg = Release|Win32
		{21B017E7-7805-40D5-9D96-AABF572F57D1}.Release|x86.ActiveCfg = Release|Win32
		{21B017E7-7805-40D5-9D96-AABF572F57D1}.Release|x86.Build.0 = Release|Win32
		{21B017E7-7805-40D5-9D96-AABF572F57D1}.Release|x86.Deploy.0 = Release|Win32
		{21B017E7-7805-40D5-9D96-AABF572F57D1}.UnicodeDebug|Win32.ActiveCfg = UnicodeDebug|Win32
		{21B017E7-7805-40D5-9D96-AABF572F57D1}.UnicodeDebug|Win32.Build.0 = UnicodeDebug|Win32
		{21B017E7-7805-40D5-9D96-AABF572F57D1}.UnicodeDebug|x64.ActiveCfg = UnicodeDebug|Win32
		{21B017E7-7805-40D5-9D96-AABF572F57D1}.UnicodeDebug|x86.ActiveCfg = UnicodeDebug|Win32
		{21B017E7-7805-40D5-9D96-AABF572F57D1}.UnicodeDebug|x86.Build.0 = UnicodeDebug|Win32
		{21B017E7-7805-40D5-9D96-AABF572F57D1}.UnicodeDebug|x86.Deploy.0 = UnicodeDebug|Win32
		{21B017E7-7805-40D5-9D96-AABF572F57D1}.UnicodeRelease|Win32.ActiveCfg = UnicodeRelease|Win32
		{21B017E7-7805-40D5-9D96-AABF572F57D1}.UnicodeRelease|Win32.Build.0 = UnicodeRelease|Win32
		{21B017E7-7805-40D5-9D96-AABF572F57D1}.UnicodeRelease|x64.ActiveCfg = UnicodeRelease|Win32
		{21B017E7-7805-40D5-9D96-AABF572F57D1}.UnicodeRelease|x86.ActiveCfg = UnicodeRelease|Win32
		{21B017E7-7805-40D5-9D96-AABF572F57D1}.UnicodeRelease|x86.Build.0 = UnicodeRelease|Win32
		{21B017E7-7805-40D5-9D96-AABF572F57D1}.UnicodeRelease|x86.Deploy.0 = UnicodeRelease|Win32
		{223017E7-7805-40D5-9D96-AABF572F57D1}.Debug|Win32.ActiveCfg = Debug|Win32
		{223017E7-7805-40D5-9D96-AABF572F57D1}.Debug|Win32.Build.0 = Debug|Win32
		{223017E7-7805-40D5-9D96-AABF572F57D1}.Debug|x64.ActiveCfg = Debug|Win32
		{223017E7-7805-40D5-9D96-AABF572F57D1}.Debug|x86.ActiveCfg = Debug|Win32
		{223017E7-7805-40D5-9D96-AABF572F57D1}.Debug|x86.Build.0 = Debug|Win32
		{223017E7-7805-40D5-9D96-AABF572F57D1}.Debug|x86.Deploy.0 = Debug|Win32
		{223017E7-7805-40D5-9D96-AABF572F57D1}.Release|Win32.ActiveCfg = Release|Win32
		{223017E7-7805-40D5-9D96-AABF572F57D1}.Release|Win32.Build.0 = Release|Win32
		{223017E7-7805-40D5-9D96-AABF572F57D1}.Release|x64.ActiveCfg = Release|Win32
		{223017E7-7805-40D5-9D96-AABF572F57D1}.Release|x86.ActiveCfg = Release|Win32
		{223017E7-7805-40D5-9D96-AABF572F57D1}.Release|x86.Build.0 = Release|Win32
		{223017E7-7805-40D5-9D96-AABF572F57D1}.Release|x86.Deploy.0 = Release|Win32
		{223017E7-7805-40D5-9D96-AABF572F57D1}.UnicodeDebug|Win32.ActiveCfg = UnicodeDebug|Win32
		{223017E7-7805-40D5-9D96-AABF572F57D1}.UnicodeDebug|Win32.Build.0 = UnicodeDebug|Win32
		{223017E7-7805-40D5-9D96-AABF572F57D1}.UnicodeDebug|x64.ActiveCfg = UnicodeDebug|Win32
		{223017E7-7805-40D5-9D96-AABF572F57D1}.UnicodeDebug|x86.ActiveCfg = UnicodeDebug|Win32
		{223017E7-7805-40D5-9D96-AABF572F57D1}.UnicodeDebug|x86.Build.0 = UnicodeDebug|Win32
		{223017E7-7805-40D5-9D96-AABF572F57D1}.UnicodeDebug|x86.Deploy.0 = UnicodeDebug|Win32
		{223017E7-7805-40D5-9D96-AABF572F57D1}.UnicodeRelease|Win32.ActiveCfg = UnicodeRelease|Win32
		{223017E7-7805-40D5-9D96-AABF572F57D1}.UnicodeRelease|Win32.Build.0 = UnicodeRelease|Win32
		{223017E7-7805-40D5-9D96-AABF572F57D1}.UnicodeRelease|x64.ActiveCfg = UnicodeRelease|Win32
		{223017E7-7805-40D5-9D96-AABF572F57D1}.UnicodeRelease|x86.ActiveCfg = UnicodeRelease|Win32
		{223017E7-7805-40D5-9D96-AABF572F57D1}.UnicodeRelease|x86.Build.0 = UnicodeRelease|Win32
		{223017E7-7805-40D5-9D96-AABF572F57D1}.UnicodeRelease|x86.Deploy.0 = UnicodeRelease|Win32
		{5EEA82DD-05C7-477F-8870-942E8758BFFF}.Debug|Win32.ActiveCfg = Debug|Win32
		{5EEA82DD-05C7-477F-8870-942E8758BFFF}.Debug|Win32.Build.0 = Debug|Win32
		{5EEA82DD-05C7-477F-8870-942E8758BFFF}.Debug|x64.ActiveCfg = Debug|Win32
		{5EEA82DD-05C7-477F-8870-942E8758BFFF}.Debug|x86.ActiveCfg = Debug|Win32
		{5EEA82DD-05C7-477F-8870-942E8758BFFF}.Debug|x86.Build.0 = Debug|Win32
		{5EEA82DD-05C7-477F-8870-942E8758BFFF}.Debug|x86.Deploy.0 = Debug|Win32
		{5EEA82DD-05C7-477F-8870-942E8758BFFF}.Release|Win32.ActiveCfg = Release|Win32
		{5EEA82DD-05C7-477F-8870-942E8758BFFF}.Release|Win32.Build.0 = Release|Win32
		{5EEA82DD-05C7-477F-8870-942E8758BFFF}.Release|x64.ActiveCfg = Release|Win32
		{5EEA82DD-05C7-477F-8870-942E8758BFFF}.Release|x86.ActiveCfg = Release|Win32
		{5EEA82DD-05C7-477F-8870-942E8758BFFF}.Release|x86.Build.0 = Release|Win32
		{5EEA82DD-05C7-477F-8870-942E8758BFFF}.Release|x86.Deploy.0 = Release|Win32
		{5EEA82DD-05C7-477F-8870-942E8758BFFF}.UnicodeDebug|Win32.ActiveCfg = UnicodeDebug|Win32
		{5EEA82DD-05C7-477F-8870-942E8758BFFF}.UnicodeDebug|Win32.Build.0 = UnicodeDebug|Win32
		{5EEA82DD-05C7-477F-8870-942E8758BFFF}.UnicodeDebug|x64.ActiveCfg = UnicodeDebug|Win32
		{5EEA82DD-05C7-477F-8870-942E8758BFFF}.UnicodeDebug|x86.ActiveCfg = UnicodeDebug|Win32
		{5EEA82DD-05C7-477F-8870-942E8758BFFF}.UnicodeDebug|x86.Build.0 = UnicodeDebug|Win32
		{5EEA82DD-05C7-477F-8870-942E8758BFFF}.UnicodeDebug|x86.Deploy.0 = UnicodeDebug|Win32
		{5EEA82DD-05C7-477F-8870-942E8758BFFF}.UnicodeRelease|Win32.ActiveCfg = UnicodeRelease|Win32
		{5EEA82DD-05C7-477F-8870-942E8758BFFF}.UnicodeRelease|Win32.Build.0 = UnicodeRelease|Win32
		{5EEA82DD-05C7-477F-8870-942E8758BFFF}.UnicodeRelease|x64.ActiveCfg = UnicodeRelease|Win32
		{5EEA82DD-05C7-477F-8870-942E8758BFFF}.UnicodeRelease|x86.ActiveCfg = UnicodeRelease|Win32
		{5EEA82DD-05C7-477F-8870-942E8758BFFF}.UnicodeRelease|x86.Build.0 = UnicodeRelease|Win32
		{5EEA82DD-05C7-477F-8870-942E8758BFFF}.UnicodeRelease|x86.Deploy.0 = UnicodeRelease|Win32
		{41B017E7-7805-40D5-9D96-AABF572F57D1}.Debug|Win32.ActiveCfg = Debug|Win32
		{41B017E7-7805-40D5-9D96-AABF572F57D1}.Debug|Win32.Build.0 = Debug|Win32
		{41B017E7-7805-40D5-9D96-AABF572F57D1}.Debug|x64.ActiveCfg = Debug|Win32
		{41B017E7-7805-40D5-9D96-AABF572F57D1}.Debug|x86.ActiveCfg = Debug|Win32
		{41B017E7-7805-40D5-9D96-AABF572F57D1}.Debug|x86.Build.0 = Debug|Win32
		{41B017E7-7805-40D5-9D96-AABF572F57D1}.Debug|x86.Deploy.0 = Debug|Win32
		{41B017E7-7805-40D5-9D96-AABF572F57D1}.Release|Win32.ActiveCfg = Release|Win32
		{41B017E7-7805-40D5-9D96-AABF572F57D1}.Release|Win32.Build.0 = Release|Win32
		{41B017E7-7805-40D5-9D96-AABF572F57D1}.Release|x64.ActiveCfg = Release|Win32
		{41B017E7-7805-40D5-9D96-AABF572F57D1}.Release|x86.ActiveCfg = Release|Win32
		{41B017E7-7805-40D5-9D96-AABF572F57D1}.Release|x86.Build.0 = Release|Win32
		{41B017E7-7805-40D5-9D96-AABF572F57D1}.Release|x86.Deploy.0 = Release|Win32
		{41B017E7-7805-40D5-9D96-AABF572F57D1}.UnicodeDebug|Win32.ActiveCfg = UnicodeDebug|Win32
		{41B017E7-7805-40D5-9D96-AABF572F57D1}.UnicodeDebug|Win32.Build.0 = UnicodeDebug|Win32
		{41B017E7-7805-40D5-9D96-AABF572F57D1}.UnicodeDebug|x64.ActiveCfg = UnicodeDebug|Win32
		{41B017E7-7805-40D5-9D96-AABF572F57D1}.UnicodeDebug|x86.ActiveCfg = UnicodeDebug|Win32
		{41B017E7-7805-40D5-9D96-AABF572F57D1}.UnicodeDebug|x86.Build.0 = UnicodeDebug|Win32
		{41B017E7-7805-40D5-9D96-AABF572F57D1}.UnicodeDebug|x86.Deploy.0 = UnicodeDebug|Win32
		{41B017E7-7805-40D5-9D96-AABF572F57D1}.UnicodeRelease|Win32.ActiveCfg = UnicodeRelease|Win32
		{41B017E7-7805-40D5-9D96-AABF572F57D1}.UnicodeRelease|Win32.Build.0 = UnicodeRelease|Win32
		{41B017E7-7805-40D5-9D96-AABF572F57D1}.UnicodeRelease|x64.ActiveCfg = UnicodeRelease|Win32
		{41B017E7-7805-40D5-9D96-AABF572F57D1}.UnicodeRelease|x86.ActiveCfg = UnicodeRelease|Win32
		{41B017E7-7805-40D5-9D96-AABF572F57D1}.UnicodeRelease|x86.Build.0 = UnicodeRelease|Win32
		{41B017E7-7805-40D5-9D96-AABF572F57D1}.UnicodeRelease|x86.Deploy.0 = UnicodeRelease|Win32
		{41B017E7-7805-40D5-9D96-AABF572F5700}.Debug|Win32.ActiveCfg = Debug|Win32
		{41B017E7-7805-40D5-9D96-AABF572F5700}.Debug|Win32.Build.0 = Debug|Win32
		{41B017E7-7805-40D5-9D96-AABF572F5700}.Debug|x64.ActiveCfg = Debug|Win32
		{41B017E7-7805-40D5-9D96-AABF572F5700}.Debug|x86.ActiveCfg = Debug|Win32
		{41B017E7-7805-40D5-9D96-AABF572F5700}.Debug|x86.Build.0 = Debug|Win32
		{41B017E7-7805-40D5-9D96-AABF572F5700}.Debug|x86.Deploy.0 = Debug|Win32
		{41B017E7-7805-40D5-9D96-AABF572F5700}.Release|Win32.ActiveCfg = Release|Win32
		{41B017E7-7805-40D5-9D96-AABF572F5700}.Release|Win32.Build.0 = Release|Win32
		{41B017E7-7805-40D5-9D96-AABF572F5700}.Release|x64.ActiveCfg = Release|Win32
		{41B017E7-7805-40D5-9D96-AABF572F5700}.Release|x86.ActiveCfg = Release|Win32
		{41B017E7-7805-40D5-9D96-AABF572F5700}.Release|x86.Build.0 = Release|Win32
		{41B017E7-7805-40D5-9D96-AABF572F5700}.Release|x86.Deploy.0 = Release|Win32
		{41B017E7-7805-40D5-9D96-AABF572F5700}.UnicodeDebug|Win32.ActiveCfg = UnicodeDebug|Win32
		{41B017E7-7805-40D5-9D96-AABF572F5700}.UnicodeDebug|Win32.Build.0 = UnicodeDebug|Win32
		{41B017E7-7805-40D5-9D96-AABF572F5700}.UnicodeDebug|x64.ActiveCfg = UnicodeDebug|Win32
		{41B017E7-7805-40D5-9D96-AABF572F5700}.UnicodeDebug|x86.ActiveCfg = UnicodeDebug|Win32
		{41B017E7-7805-40D5-9D96-AABF572F5700}.UnicodeDebug|x86.Build.0 = UnicodeDebug|Win32
		{41B017E7-7805-40D5-9D96-AABF572F5700}.UnicodeDebug|x86.Deploy.0 = UnicodeDebug|Win32
		{41B017E7-7805-40D5-9D96-AABF572F5700}.UnicodeRelease|Win32.ActiveCfg = UnicodeRelease|Win32
		{41B017E7-7805-40D5-9D96-AABF572F5700}.UnicodeRelease|Win32.Build.0 = UnicodeRelease|Win32
		{41B017E7-7805-40D5-9D96-AABF572F5700}.UnicodeRelease|x64.ActiveCfg = UnicodeRelease|Win32
		{41B017E7-7805-40D5-9D96-AABF572F5700}.UnicodeRelease|x86.ActiveCfg = UnicodeRelease|Win32
		{41B017E7-7805-40D5-9D96-AABF572F5700}.UnicodeRelease|x86.Build.0 = UnicodeRelease|Win32
		{41B017E7-7805-40D5-9D96-AABF572F5700}.UnicodeRelease|x86.Deploy.0 = UnicodeRelease|Win32
	EndGlobalSection
	GlobalSection(SolutionProperties) = preSolution
		HideSolutionNode = FALSE
	EndGlobalSection
	GlobalSection(NestedProjects) = preSolution
		{11A20D10-E0D7-447F-A546-8E4662C115C5} = {5ABBC10A-DC58-4A8D-AA4D-D1CB2A58FD01}
		{6F77AFCB-2F96-4573-8882-3578EBA8CA1D} = {5ABBC10A-DC58-4A8D-AA4D-D1CB2A58FD01}
		{41B017E7-7805-40D5-9D96-AABF572F57D2} = {5ABBC10A-DC58-4A8D-AA4D-D1CB2A58FD01}
		{463FE628-A176-4C58-B005-3924BFD1E4E6} = {5ABBC10A-DC58-4A8D-AA4D-D1CB2A58FD01}
		{21B017E7-7805-40D5-9D96-AABF572F57D1} = {5ABBC10A-DC58-4A8D-AA4D-D1CB2A58FD01}
		{223017E7-7805-40D5-9D96-AABF572F57D1} = {5ABBC10A-DC58-4A8D-AA4D-D1CB2A58FD01}
		{5EEA82DD-05C7-477F-8870-942E8758BFFF} = {5ABBC10A-DC58-4A8D-AA4D-D1CB2A58FD01}
		{41B017E7-7805-40D5-9D96-AABF572F57D1} = {5ABBC10A-DC58-4A8D-AA4D-D1CB2A58FD01}
		{41B017E7-7805-40D5-9D96-AABF572F5700} = {5ABBC10A-DC58-4A8D-AA4D-D1CB2A58FD01}
	EndGlobalSection
	GlobalSection(ExtensibilityGlobals) = postSolution
		SolutionGuid = {4C06E584-AD40-4FF3-ABE5-DCBE5A94A47C}
	EndGlobalSection
EndGlobal
